
Microsoft Visual Studio Solution File, Format Version 12.00
# Visual Studio Version 17
VisualStudioVersion = 17.6.33717.318
MinimumVisualStudioVersion = 10.0.40219.1
Project("{9A19103F-16F7-4668-BE54-9A1E7A4F7556}") = "WpfBindingEssentials", "WpfBindingEssentials.csproj", "{90153149-8F51-42B9-B646-F953F61F8A38}"
EndProject
Project("{9A19103F-16F7-4668-BE54-9A1E7A4F7556}") = "ContextSample", "..\WpfApp1\ContextSample.csproj", "{C18D544A-7E47-49BB-88A9-983AB4C1035B}"
EndProject
Project("{9A19103F-16F7-4668-BE54-9A1E7A4F7556}") = "CodeBehindBindingSample", "..\CodeBehindBindingSample\CodeBehindBindingSample.csproj", "{AB8FFD6D-CB8E-43FA-B1BD-50194A76BF91}"
EndProject
Project("{9A19103F-16F7-4668-BE54-9A1E7A4F7556}") = "ChangeNotificationSample", "..\ChangeNotificationSample\ChangeNotificationSample.csproj", "{3C823B86-774E-4C51-9451-A3153A19F069}"
EndProject
Project("{9A19103F-16F7-4668-BE54-9A1E7A4F7556}") = "ConverterSample", "..\ConverterSample\ConverterSample.csproj", "{55843781-19A0-4454-8612-5819F8F11A1F}"
EndProject
Project("{9A19103F-16F7-4668-BE54-9A1E7A4F7556}") = "StringFormatSample", "..\StringFormatSample\StringFormatSample.csproj", "{591100D7-050C-4803-A353-A14C53D0273E}"
EndProject
Project("{9A19103F-16F7-4668-BE54-9A1E7A4F7556}") = "DataBindingDebuggingSample", "..\DataBindingDebuggingSample\DataBindingDebuggingSample.csproj", "{389ED156-1F6D-4561-A5E0-D05171952514}"
EndProject
Project("{9A19103F-16F7-4668-BE54-9A1E7A4F7556}") = "UsingCommandsSample", "..\UsingCommandsSample\UsingCommandsSample.csproj", "{FD7B0CBC-7C8E-40C2-9E9C-B0DD583F6E9B}"
EndProject
Project("{9A19103F-16F7-4668-BE54-9A1E7A4F7556}") = "CommandCanExecuteSample", "..\CommandCanExecuteSample\CommandCanExecuteSample.csproj", "{981411BF-C294-4210-ABB1-386F616B914F}"
EndProject
Project("{FAE04EC0-301F-11D3-BF4B-00C04F79EFBC}") = "CustomCommandSample", "..\CustomCommandSample\CustomCommandSample.csproj", "{A79AE264-EE16-4BBF-B124-BC14ED6AAB38}"
EndProject
Project("{FAE04EC0-301F-11D3-BF4B-00C04F79EFBC}") = "MessageBoxSample", "..\MessageBoxSample\MessageBoxSample.csproj", "{ED12FA4E-21BD-4C2D-9CD4-7DC37C414552}"
EndProject
Project("{FAE04EC0-301F-11D3-BF4B-00C04F79EFBC}") = "OpenFileDialogSample", "..\OpenFileDialogSample\OpenFileDialogSample.csproj", "{B1186C47-665C-4329-9D36-154463E3E916}"
EndProject
Project("{FAE04EC0-301F-11D3-BF4B-00C04F79EFBC}") = "SaveFileDialogSample", "..\SaveFileDialogSample\SaveFileDialogSample.csproj", "{7E9210D8-A5F0-47AC-8917-805B3CA7EC95}"
EndProject
Global
	GlobalSection(SolutionConfigurationPlatforms) = preSolution
		Debug|Any CPU = Debug|Any CPU
		Release|Any CPU = Release|Any CPU
	EndGlobalSection
	GlobalSection(ProjectConfigurationPlatforms) = postSolution
		{90153149-8F51-42B9-B646-F953F61F8A38}.Debug|Any CPU.ActiveCfg = Debug|Any CPU
		{90153149-8F51-42B9-B646-F953F61F8A38}.Debug|Any CPU.Build.0 = Debug|Any CPU
		{90153149-8F51-42B9-B646-F953F61F8A38}.Release|Any CPU.ActiveCfg = Release|Any CPU
		{90153149-8F51-42B9-B646-F953F61F8A38}.Release|Any CPU.Build.0 = Release|Any CPU
		{C18D544A-7E47-49BB-88A9-983AB4C1035B}.Debug|Any CPU.ActiveCfg = Debug|Any CPU
		{C18D544A-7E47-49BB-88A9-983AB4C1035B}.Debug|Any CPU.Build.0 = Debug|Any CPU
		{C18D544A-7E47-49BB-88A9-983AB4C1035B}.Release|Any CPU.ActiveCfg = Release|Any CPU
		{C18D544A-7E47-49BB-88A9-983AB4C1035B}.Release|Any CPU.Build.0 = Release|Any CPU
		{AB8FFD6D-CB8E-43FA-B1BD-50194A76BF91}.Debug|Any CPU.ActiveCfg = Debug|Any CPU
		{AB8FFD6D-CB8E-43FA-B1BD-50194A76BF91}.Debug|Any CPU.Build.0 = Debug|Any CPU
		{AB8FFD6D-CB8E-43FA-B1BD-50194A76BF91}.Release|Any CPU.ActiveCfg = Release|Any CPU
		{AB8FFD6D-CB8E-43FA-B1BD-50194A76BF91}.Release|Any CPU.Build.0 = Release|Any CPU
		{3C823B86-774E-4C51-9451-A3153A19F069}.Debug|Any CPU.ActiveCfg = Debug|Any CPU
		{3C823B86-774E-4C51-9451-A3153A19F069}.Debug|Any CPU.Build.0 = Debug|Any CPU
		{3C823B86-774E-4C51-9451-A3153A19F069}.Release|Any CPU.ActiveCfg = Release|Any CPU
		{3C823B86-774E-4C51-9451-A3153A19F069}.Release|Any CPU.Build.0 = Release|Any CPU
		{55843781-19A0-4454-8612-5819F8F11A1F}.Debug|Any CPU.ActiveCfg = Debug|Any CPU
		{55843781-19A0-4454-8612-5819F8F11A1F}.Debug|Any CPU.Build.0 = Debug|Any CPU
		{55843781-19A0-4454-8612-5819F8F11A1F}.Release|Any CPU.ActiveCfg = Release|Any CPU
		{55843781-19A0-4454-8612-5819F8F11A1F}.Release|Any CPU.Build.0 = Release|Any CPU
		{591100D7-050C-4803-A353-A14C53D0273E}.Debug|Any CPU.ActiveCfg = Debug|Any CPU
		{591100D7-050C-4803-A353-A14C53D0273E}.Debug|Any CPU.Build.0 = Debug|Any CPU
		{591100D7-050C-4803-A353-A14C53D0273E}.Release|Any CPU.ActiveCfg = Release|Any CPU
		{591100D7-050C-4803-A353-A14C53D0273E}.Release|Any CPU.Build.0 = Release|Any CPU
		{389ED156-1F6D-4561-A5E0-D05171952514}.Debug|Any CPU.ActiveCfg = Debug|Any CPU
		{389ED156-1F6D-4561-A5E0-D05171952514}.Debug|Any CPU.Build.0 = Debug|Any CPU
		{389ED156-1F6D-4561-A5E0-D05171952514}.Release|Any CPU.ActiveCfg = Release|Any CPU
		{389ED156-1F6D-4561-A5E0-D05171952514}.Release|Any CPU.Build.0 = Release|Any CPU
		{FD7B0CBC-7C8E-40C2-9E9C-B0DD583F6E9B}.Debug|Any CPU.ActiveCfg = Debug|Any CPU
		{FD7B0CBC-7C8E-40C2-9E9C-B0DD583F6E9B}.Debug|Any CPU.Build.0 = Debug|Any CPU
		{FD7B0CBC-7C8E-40C2-9E9C-B0DD583F6E9B}.Release|Any CPU.ActiveCfg = Release|Any CPU
		{FD7B0CBC-7C8E-40C2-9E9C-B0DD583F6E9B}.Release|Any CPU.Build.0 = Release|Any CPU
		{981411BF-C294-4210-ABB1-386F616B914F}.Debug|Any CPU.ActiveCfg = Debug|Any CPU
		{981411BF-C294-4210-ABB1-386F616B914F}.Debug|Any CPU.Build.0 = Debug|Any CPU
		{981411BF-C294-4210-ABB1-386F616B914F}.Release|Any CPU.ActiveCfg = Release|Any CPU
		{981411BF-C294-4210-ABB1-386F616B914F}.Release|Any CPU.Build.0 = Release|Any CPU
		{A79AE264-EE16-4BBF-B124-BC14ED6AAB38}.Debug|Any CPU.ActiveCfg = Debug|Any CPU
		{A79AE264-EE16-4BBF-B124-BC14ED6AAB38}.Debug|Any CPU.Build.0 = Debug|Any CPU
		{A79AE264-EE16-4BBF-B124-BC14ED6AAB38}.Release|Any CPU.ActiveCfg = Release|Any CPU
		{A79AE264-EE16-4BBF-B124-BC14ED6AAB38}.Release|Any CPU.Build.0 = Release|Any CPU
		{ED12FA4E-21BD-4C2D-9CD4-7DC37C414552}.Debug|Any CPU.ActiveCfg = Debug|Any CPU
		{ED12FA4E-21BD-4C2D-9CD4-7DC37C414552}.Debug|Any CPU.Build.0 = Debug|Any CPU
		{ED12FA4E-21BD-4C2D-9CD4-7DC37C414552}.Release|Any CPU.ActiveCfg = Release|Any CPU
		{ED12FA4E-21BD-4C2D-9CD4-7DC37C414552}.Release|Any CPU.Build.0 = Release|Any CPU
		{B1186C47-665C-4329-9D36-154463E3E916}.Debug|Any CPU.ActiveCfg = Debug|Any CPU
		{B1186C47-665C-4329-9D36-154463E3E916}.Debug|Any CPU.Build.0 = Debug|Any CPU
		{B1186C47-665C-4329-9D36-154463E3E916}.Release|Any CPU.ActiveCfg = Release|Any CPU
		{B1186C47-665C-4329-9D36-154463E3E916}.Release|Any CPU.Build.0 = Release|Any CPU
		{7E9210D8-A5F0-47AC-8917-805B3CA7EC95}.Debug|Any CPU.ActiveCfg = Debug|Any CPU
		{7E9210D8-A5F0-47AC-8917-805B3CA7EC95}.Debug|Any CPU.Build.0 = Debug|Any CPU
		{7E9210D8-A5F0-47AC-8917-805B3CA7EC95}.Release|Any CPU.ActiveCfg = Release|Any CPU
		{7E9210D8-A5F0-47AC-8917-805B3CA7EC95}.Release|Any CPU.Build.0 = Release|Any CPU
	EndGlobalSection
	GlobalSection(SolutionProperties) = preSolution
		HideSolutionNode = FALSE
	EndGlobalSection
	GlobalSection(ExtensibilityGlobals) = postSolution
		SolutionGuid = {8C9D06C8-2E56-4EC5-9F09-132178B88526}
	EndGlobalSection
EndGlobal
